
Microsoft Visual Studio Solution File, Format Version 12.00
# Visual Studio Version 16
VisualStudioVersion = 16.0.30503.244
MinimumVisualStudioVersion = 10.0.40219.1
Project("{FAE04EC0-301F-11D3-BF4B-00C04F79EFBC}") = "KafkaEg", "KafkaEg.csproj", "{D24DC501-C9E8-4379-A4CF-CCE31D408505}"
EndProject
Global
	GlobalSection(SolutionConfigurationPlatforms) = preSolution
		Debug|Any CPU = Debug|Any CPU
		Release|Any CPU = Release|Any CPU
	EndGlobalSection
	GlobalSection(ProjectConfigurationPlatforms) = postSolution
		{D24DC501-C9E8-4379-A4CF-CCE31D408505}.Debug|Any CPU.ActiveCfg = Debug|Any CPU
		{D24DC501-C9E8-4379-A4CF-CCE31D408505}.Debug|Any CPU.Build.0 = Debug|Any CPU
		{D24DC501-C9E8-4379-A4CF-CCE31D408505}.Release|Any CPU.ActiveCfg = Release|Any CPU
		{D24DC501-C9E8-4379-A4CF-CCE31D408505}.Release|Any CPU.Build.0 = Release|Any CPU
	EndGlobalSection
	GlobalSection(SolutionProperties) = preSolution
		HideSolutionNode = FALSE
	EndGlobalSection
	GlobalSection(ExtensibilityGlobals) = postSolution
		SolutionGuid = {DA227E9C-8AF7-4390-AE8B-EA852F1466DF}
	EndGlobalSection
EndGlobal
